
Microsoft Visual Studio Solution File, Format Version 12.00
# Visual Studio Version 17
VisualStudioVersion = 17.3.32922.545
MinimumVisualStudioVersion = 10.0.40219.1
Project("{FAE04EC0-301F-11D3-BF4B-00C04F79EFBC}") = "LeafStore", "LeafStore.csproj", "{476036D3-F3D9-402E-9B9E-20107F547B04}"
EndProject
Global
	GlobalSection(SolutionConfigurationPlatforms) = preSolution
		Debug|Any CPU = Debug|Any CPU
		Release|Any CPU = Release|Any CPU
	EndGlobalSection
	GlobalSection(ProjectConfigurationPlatforms) = postSolution
		{476036D3-F3D9-402E-9B9E-20107F547B04}.Debug|Any CPU.ActiveCfg = Debug|Any CPU
		{476036D3-F3D9-402E-9B9E-20107F547B04}.Debug|Any CPU.Build.0 = Debug|Any CPU
		{476036D3-F3D9-402E-9B9E-20107F547B04}.Release|Any CPU.ActiveCfg = Release|Any CPU
		{476036D3-F3D9-402E-9B9E-20107F547B04}.Release|Any CPU.Build.0 = Release|Any CPU
	EndGlobalSection
	GlobalSection(SolutionProperties) = preSolution
		HideSolutionNode = FALSE
	EndGlobalSection
	GlobalSection(ExtensibilityGlobals) = postSolution
		SolutionGuid = {38A38055-417C-4133-9FCE-88655B0D0679}
	EndGlobalSection
EndGlobal
